
Microsoft Visual Studio Solution File, Format Version 12.00
# Visual Studio Version 17
VisualStudioVersion = 17.4.33205.214
MinimumVisualStudioVersion = 10.0.40219.1
Project("{888888A0-9F3D-457C-B088-3A5042F75D52}") = "Massi_Index", "Massi_Index.pyproj", "{95715478-F0BD-4B83-B121-4B910F5A40AC}"
EndProject
Global
	GlobalSection(SolutionConfigurationPlatforms) = preSolution
		Debug|Any CPU = Debug|Any CPU
		Release|Any CPU = Release|Any CPU
	EndGlobalSection
	GlobalSection(ProjectConfigurationPlatforms) = postSolution
		{95715478-F0BD-4B83-B121-4B910F5A40AC}.Debug|Any CPU.ActiveCfg = Debug|Any CPU
		{95715478-F0BD-4B83-B121-4B910F5A40AC}.Release|Any CPU.ActiveCfg = Release|Any CPU
	EndGlobalSection
	GlobalSection(SolutionProperties) = preSolution
		HideSolutionNode = FALSE
	EndGlobalSection
	GlobalSection(ExtensibilityGlobals) = postSolution
		SolutionGuid = {BDCF48CA-D661-4769-B999-A521939140AA}
	EndGlobalSection
EndGlobal
